<Solution>
  <Folder Name="/src/">
    <Project Path="src/Airbnb.Api/Airbnb.Api.csproj" />
    <Project Path="src/Airbnb.ServiceDefaults/Airbnb.ServiceDefaults.csproj" />
    <Project Path="src/Airbnb.SharedKernel/Airbnb.SharedKernel.csproj" />
  </Folder>
  <Folder Name="/tests/">
    <Project Path="tests/Airbnb.Api.Tests/Airbnb.Api.Tests.csproj" />
    <Project Path="tests/Airbnb.UnitTests/Airbnb.UnitTests.csproj" />
  </Folder>
</Solution>
